
Microsoft Visual Studio Solution File, Format Version 12.00
# Visual Studio Version 17
VisualStudioVersion = 17.10.35122.118
MinimumVisualStudioVersion = 10.0.40219.1
Project("{2150E333-8FDC-42A3-9474-1A3956D46DE8}") = "Services", "Services", "{EF1BB265-87B6-49B6-A658-DCFEBF8E5F3A}"
EndProject
Project("{2150E333-8FDC-42A3-9474-1A3956D46DE8}") = "Catalog", "Catalog", "{58D4095A-60D8-4297-A1BD-693F663D817B}"
EndProject
Project("{9A19103F-16F7-4668-BE54-9A1E7A4F7556}") = "CatalogAPI", "Services\Catalog\CatalogAPI\CatalogAPI.csproj", "{D81044B9-A96D-4E0C-B519-2733CD59142E}"
EndProject
Project("{2150E333-8FDC-42A3-9474-1A3956D46DE8}") = "BuildingBlocks", "BuildingBlocks", "{942A6B4A-9BEA-49FD-ADCD-86E7A0610766}"
EndProject
Project("{9A19103F-16F7-4668-BE54-9A1E7A4F7556}") = "BuildingBlocks", "BuildingBlocks\BuildingBlocks\BuildingBlocks.csproj", "{D858FC99-F5C6-43DE-AC61-38422A8CC89A}"
EndProject
Project("{E53339B2-1760-4266-BCC7-CA923CBCF16C}") = "docker-compose", "docker-compose.dcproj", "{45DE8BE2-8920-42BA-90E0-92059F3CCCC5}"
EndProject
Project("{2150E333-8FDC-42A3-9474-1A3956D46DE8}") = "Basket", "Basket", "{B5459EEF-0D85-4037-A617-CC8522750192}"
EndProject
Project("{9A19103F-16F7-4668-BE54-9A1E7A4F7556}") = "Basket.API", "Services\Basket\Basket.API\Basket.API.csproj", "{D9C85D92-B8DB-477D-B4D7-84C66D8E56A5}"
EndProject
Project("{2150E333-8FDC-42A3-9474-1A3956D46DE8}") = "Discount", "Discount", "{83FA41BB-FC41-4714-9D28-9A0D26B800C9}"
EndProject
Project("{9A19103F-16F7-4668-BE54-9A1E7A4F7556}") = "Discount.Grpc", "Services\Discount\Discount.Grpc\Discount.Grpc.csproj", "{18DF3C4F-EB35-4052-A4B7-197B2424BC75}"
EndProject
Project("{2150E333-8FDC-42A3-9474-1A3956D46DE8}") = "Ordering", "Ordering", "{C99890BA-5333-4C70-A71D-AD1E85609F5E}"
EndProject
Project("{9A19103F-16F7-4668-BE54-9A1E7A4F7556}") = "Ordering.API", "Services\Ordering\Ordering.API\Ordering.API.csproj", "{72AD50BA-4842-43EA-A071-40DC825206CC}"
EndProject
Project("{9A19103F-16F7-4668-BE54-9A1E7A4F7556}") = "Ordering.Domain", "Services\Ordering\Ordering.Domain\Ordering.Domain.csproj", "{BDE9B632-F5C6-4A2F-9CCB-4A5CE70F2CE7}"
EndProject
Project("{9A19103F-16F7-4668-BE54-9A1E7A4F7556}") = "Ordering.Application", "Services\Ordering\Ordering.Application\Ordering.Application.csproj", "{9F64AEC2-A45C-4344-8959-68E621A51500}"
EndProject
Project("{9A19103F-16F7-4668-BE54-9A1E7A4F7556}") = "Ordering.Infrastructure", "Services\Ordering\Ordering.Infrastructure\Ordering.Infrastructure.csproj", "{CF31D29A-97BB-40B8-94CF-BE7C2CC4EBB4}"
EndProject
Global
	GlobalSection(SolutionConfigurationPlatforms) = preSolution
		Debug|Any CPU = Debug|Any CPU
		Release|Any CPU = Release|Any CPU
	EndGlobalSection
	GlobalSection(ProjectConfigurationPlatforms) = postSolution
		{D81044B9-A96D-4E0C-B519-2733CD59142E}.Debug|Any CPU.ActiveCfg = Debug|Any CPU
		{D81044B9-A96D-4E0C-B519-2733CD59142E}.Debug|Any CPU.Build.0 = Debug|Any CPU
		{D81044B9-A96D-4E0C-B519-2733CD59142E}.Release|Any CPU.ActiveCfg = Release|Any CPU
		{D81044B9-A96D-4E0C-B519-2733CD59142E}.Release|Any CPU.Build.0 = Release|Any CPU
		{D858FC99-F5C6-43DE-AC61-38422A8CC89A}.Debug|Any CPU.ActiveCfg = Debug|Any CPU
		{D858FC99-F5C6-43DE-AC61-38422A8CC89A}.Debug|Any CPU.Build.0 = Debug|Any CPU
		{D858FC99-F5C6-43DE-AC61-38422A8CC89A}.Release|Any CPU.ActiveCfg = Release|Any CPU
		{D858FC99-F5C6-43DE-AC61-38422A8CC89A}.Release|Any CPU.Build.0 = Release|Any CPU
		{45DE8BE2-8920-42BA-90E0-92059F3CCCC5}.Debug|Any CPU.ActiveCfg = Debug|Any CPU
		{45DE8BE2-8920-42BA-90E0-92059F3CCCC5}.Debug|Any CPU.Build.0 = Debug|Any CPU
		{45DE8BE2-8920-42BA-90E0-92059F3CCCC5}.Release|Any CPU.ActiveCfg = Release|Any CPU
		{45DE8BE2-8920-42BA-90E0-92059F3CCCC5}.Release|Any CPU.Build.0 = Release|Any CPU
		{D9C85D92-B8DB-477D-B4D7-84C66D8E56A5}.Debug|Any CPU.ActiveCfg = Debug|Any CPU
		{D9C85D92-B8DB-477D-B4D7-84C66D8E56A5}.Debug|Any CPU.Build.0 = Debug|Any CPU
		{D9C85D92-B8DB-477D-B4D7-84C66D8E56A5}.Release|Any CPU.ActiveCfg = Release|Any CPU
		{D9C85D92-B8DB-477D-B4D7-84C66D8E56A5}.Release|Any CPU.Build.0 = Release|Any CPU
		{18DF3C4F-EB35-4052-A4B7-197B2424BC75}.Debug|Any CPU.ActiveCfg = Debug|Any CPU
		{18DF3C4F-EB35-4052-A4B7-197B2424BC75}.Debug|Any CPU.Build.0 = Debug|Any CPU
		{18DF3C4F-EB35-4052-A4B7-197B2424BC75}.Release|Any CPU.ActiveCfg = Release|Any CPU
		{18DF3C4F-EB35-4052-A4B7-197B2424BC75}.Release|Any CPU.Build.0 = Release|Any CPU
		{72AD50BA-4842-43EA-A071-40DC825206CC}.Debug|Any CPU.ActiveCfg = Debug|Any CPU
		{72AD50BA-4842-43EA-A071-40DC825206CC}.Debug|Any CPU.Build.0 = Debug|Any CPU
		{72AD50BA-4842-43EA-A071-40DC825206CC}.Release|Any CPU.ActiveCfg = Release|Any CPU
		{72AD50BA-4842-43EA-A071-40DC825206CC}.Release|Any CPU.Build.0 = Release|Any CPU
		{BDE9B632-F5C6-4A2F-9CCB-4A5CE70F2CE7}.Debug|Any CPU.ActiveCfg = Debug|Any CPU
		{BDE9B632-F5C6-4A2F-9CCB-4A5CE70F2CE7}.Debug|Any CPU.Build.0 = Debug|Any CPU
		{BDE9B632-F5C6-4A2F-9CCB-4A5CE70F2CE7}.Release|Any CPU.ActiveCfg = Release|Any CPU
		{BDE9B632-F5C6-4A2F-9CCB-4A5CE70F2CE7}.Release|Any CPU.Build.0 = Release|Any CPU
		{9F64AEC2-A45C-4344-8959-68E621A51500}.Debug|Any CPU.ActiveCfg = Debug|Any CPU
		{9F64AEC2-A45C-4344-8959-68E621A51500}.Debug|Any CPU.Build.0 = Debug|Any CPU
		{9F64AEC2-A45C-4344-8959-68E621A51500}.Release|Any CPU.ActiveCfg = Release|Any CPU
		{9F64AEC2-A45C-4344-8959-68E621A51500}.Release|Any CPU.Build.0 = Release|Any CPU
		{CF31D29A-97BB-40B8-94CF-BE7C2CC4EBB4}.Debug|Any CPU.ActiveCfg = Debug|Any CPU
		{CF31D29A-97BB-40B8-94CF-BE7C2CC4EBB4}.Debug|Any CPU.Build.0 = Debug|Any CPU
		{CF31D29A-97BB-40B8-94CF-BE7C2CC4EBB4}.Release|Any CPU.ActiveCfg = Release|Any CPU
		{CF31D29A-97BB-40B8-94CF-BE7C2CC4EBB4}.Release|Any CPU.Build.0 = Release|Any CPU
	EndGlobalSection
	GlobalSection(SolutionProperties) = preSolution
		HideSolutionNode = FALSE
	EndGlobalSection
	GlobalSection(NestedProjects) = preSolution
		{58D4095A-60D8-4297-A1BD-693F663D817B} = {EF1BB265-87B6-49B6-A658-DCFEBF8E5F3A}
		{D81044B9-A96D-4E0C-B519-2733CD59142E} = {58D4095A-60D8-4297-A1BD-693F663D817B}
		{D858FC99-F5C6-43DE-AC61-38422A8CC89A} = {942A6B4A-9BEA-49FD-ADCD-86E7A0610766}
		{B5459EEF-0D85-4037-A617-CC8522750192} = {EF1BB265-87B6-49B6-A658-DCFEBF8E5F3A}
		{D9C85D92-B8DB-477D-B4D7-84C66D8E56A5} = {B5459EEF-0D85-4037-A617-CC8522750192}
		{83FA41BB-FC41-4714-9D28-9A0D26B800C9} = {EF1BB265-87B6-49B6-A658-DCFEBF8E5F3A}
		{18DF3C4F-EB35-4052-A4B7-197B2424BC75} = {83FA41BB-FC41-4714-9D28-9A0D26B800C9}
		{C99890BA-5333-4C70-A71D-AD1E85609F5E} = {EF1BB265-87B6-49B6-A658-DCFEBF8E5F3A}
		{72AD50BA-4842-43EA-A071-40DC825206CC} = {C99890BA-5333-4C70-A71D-AD1E85609F5E}
		{BDE9B632-F5C6-4A2F-9CCB-4A5CE70F2CE7} = {C99890BA-5333-4C70-A71D-AD1E85609F5E}
		{9F64AEC2-A45C-4344-8959-68E621A51500} = {C99890BA-5333-4C70-A71D-AD1E85609F5E}
		{CF31D29A-97BB-40B8-94CF-BE7C2CC4EBB4} = {C99890BA-5333-4C70-A71D-AD1E85609F5E}
	EndGlobalSection
	GlobalSection(ExtensibilityGlobals) = postSolution
		SolutionGuid = {31908BB5-5DCF-49E1-AF51-CA558DCA0CC0}
	EndGlobalSection
EndGlobal
